
Microsoft Visual Studio Solution File, Format Version 12.00
# Visual Studio Version 16
VisualStudioVersion = 16.0.30804.86
MinimumVisualStudioVersion = 10.0.40219.1
Project("{FAE04EC0-301F-11D3-BF4B-00C04F79EFBC}") = "AsteroidGame", "AsteroidGame\AsteroidGame.csproj", "{DB765807-F117-4135-B77C-589BB57F6F42}"
EndProject
Global
	GlobalSection(SolutionConfigurationPlatforms) = preSolution
		Debug|Any CPU = Debug|Any CPU
		Release|Any CPU = Release|Any CPU
	EndGlobalSection
	GlobalSection(ProjectConfigurationPlatforms) = postSolution
		{DB765807-F117-4135-B77C-589BB57F6F42}.Debug|Any CPU.ActiveCfg = Debug|Any CPU
		{DB765807-F117-4135-B77C-589BB57F6F42}.Debug|Any CPU.Build.0 = Debug|Any CPU
		{DB765807-F117-4135-B77C-589BB57F6F42}.Release|Any CPU.ActiveCfg = Release|Any CPU
		{DB765807-F117-4135-B77C-589BB57F6F42}.Release|Any CPU.Build.0 = Release|Any CPU
	EndGlobalSection
	GlobalSection(SolutionProperties) = preSolution
		HideSolutionNode = FALSE
	EndGlobalSection
	GlobalSection(ExtensibilityGlobals) = postSolution
		SolutionGuid = {F5673D23-2B60-4432-94FF-1EF90BF90979}
	EndGlobalSection
EndGlobal
